
Microsoft Visual Studio Solution File, Format Version 12.00
# Visual Studio 15
VisualStudioVersion = 15.0.27130.2027
MinimumVisualStudioVersion = 10.0.40219.1
Project("{FAE04EC0-301F-11D3-BF4B-00C04F79EFBC}") = "Dict", "Dict\Dict.csproj", "{D32D43FC-7094-4135-B2D9-BB4AD42D578E}"
EndProject
Global
	GlobalSection(SolutionConfigurationPlatforms) = preSolution
		Debug|Any CPU = Debug|Any CPU
		Release|Any CPU = Release|Any CPU
	EndGlobalSection
	GlobalSection(ProjectConfigurationPlatforms) = postSolution
		{D32D43FC-7094-4135-B2D9-BB4AD42D578E}.Debug|Any CPU.ActiveCfg = Debug|Any CPU
		{D32D43FC-7094-4135-B2D9-BB4AD42D578E}.Debug|Any CPU.Build.0 = Debug|Any CPU
		{D32D43FC-7094-4135-B2D9-BB4AD42D578E}.Release|Any CPU.ActiveCfg = Release|Any CPU
		{D32D43FC-7094-4135-B2D9-BB4AD42D578E}.Release|Any CPU.Build.0 = Release|Any CPU
	EndGlobalSection
	GlobalSection(SolutionProperties) = preSolution
		HideSolutionNode = FALSE
	EndGlobalSection
	GlobalSection(ExtensibilityGlobals) = postSolution
		SolutionGuid = {53D5CAAC-1220-4B6A-91EE-0CAD19901F98}
	EndGlobalSection
EndGlobal
